
Microsoft Visual Studio Solution File, Format Version 12.00
# Visual Studio Version 16
VisualStudioVersion = 16.0.31005.135
MinimumVisualStudioVersion = 10.0.40219.1
Project("{FAE04EC0-301F-11D3-BF4B-00C04F79EFBC}") = "Framework2D", "Framework2D\Framework2D.csproj", "{769C1341-8FD8-4E92-9465-842C42E37B81}"
EndProject
Project("{FAE04EC0-301F-11D3-BF4B-00C04F79EFBC}") = "SandboxGame", "SandboxGame\SandboxGame.csproj", "{EE483074-5D0F-4417-8667-0D77700B7C74}"
EndProject
Global
	GlobalSection(SolutionConfigurationPlatforms) = preSolution
		Debug|Any CPU = Debug|Any CPU
		Release|Any CPU = Release|Any CPU
	EndGlobalSection
	GlobalSection(ProjectConfigurationPlatforms) = postSolution
		{769C1341-8FD8-4E92-9465-842C42E37B81}.Debug|Any CPU.ActiveCfg = Debug|Any CPU
		{769C1341-8FD8-4E92-9465-842C42E37B81}.Debug|Any CPU.Build.0 = Debug|Any CPU
		{769C1341-8FD8-4E92-9465-842C42E37B81}.Release|Any CPU.ActiveCfg = Release|Any CPU
		{769C1341-8FD8-4E92-9465-842C42E37B81}.Release|Any CPU.Build.0 = Release|Any CPU
		{EE483074-5D0F-4417-8667-0D77700B7C74}.Debug|Any CPU.ActiveCfg = Debug|Any CPU
		{EE483074-5D0F-4417-8667-0D77700B7C74}.Debug|Any CPU.Build.0 = Debug|Any CPU
		{EE483074-5D0F-4417-8667-0D77700B7C74}.Release|Any CPU.ActiveCfg = Release|Any CPU
		{EE483074-5D0F-4417-8667-0D77700B7C74}.Release|Any CPU.Build.0 = Release|Any CPU
	EndGlobalSection
	GlobalSection(SolutionProperties) = preSolution
		HideSolutionNode = FALSE
	EndGlobalSection
	GlobalSection(ExtensibilityGlobals) = postSolution
		SolutionGuid = {3DE283FF-B82C-4FFC-8D4E-8BDF7C20F003}
	EndGlobalSection
EndGlobal
